
Microsoft Visual Studio Solution File, Format Version 12.00
# Visual Studio Version 16
VisualStudioVersion = 16.0.30523.141
MinimumVisualStudioVersion = 10.0.40219.1
Project("{FAE04EC0-301F-11D3-BF4B-00C04F79EFBC}") = "PtLab8", "PtLab8\PtLab8.csproj", "{AF9550A8-03D2-4F75-9284-1BDCBDB8724C}"
EndProject
Global
	GlobalSection(SolutionConfigurationPlatforms) = preSolution
		Debug|Any CPU = Debug|Any CPU
		Release|Any CPU = Release|Any CPU
	EndGlobalSection
	GlobalSection(ProjectConfigurationPlatforms) = postSolution
		{AF9550A8-03D2-4F75-9284-1BDCBDB8724C}.Debug|Any CPU.ActiveCfg = Debug|Any CPU
		{AF9550A8-03D2-4F75-9284-1BDCBDB8724C}.Debug|Any CPU.Build.0 = Debug|Any CPU
		{AF9550A8-03D2-4F75-9284-1BDCBDB8724C}.Release|Any CPU.ActiveCfg = Release|Any CPU
		{AF9550A8-03D2-4F75-9284-1BDCBDB8724C}.Release|Any CPU.Build.0 = Release|Any CPU
	EndGlobalSection
	GlobalSection(SolutionProperties) = preSolution
		HideSolutionNode = FALSE
	EndGlobalSection
	GlobalSection(ExtensibilityGlobals) = postSolution
		SolutionGuid = {358C34A8-736D-4042-919E-33423AE76237}
	EndGlobalSection
EndGlobal
